# This file is autogenerated, do not edit; changes may be undone by the next 'dep ensure'.


[[projects]]
  digest = "1:b1aa87c86a10632d143a5893a7776b6b884542124e6d45a1b6b46acdf975c3c9"
  name = "cloud.google.com/go"
  packages = ["compute/metadata"]
  pruneopts = "UT"
  revision = "7be0af6601eb5f557776ca09bd55b2df72e98d75"
  version = "v0.84.0"

[[projects]]
  digest = "1:a2682518d905d662d984ef9959984ef87cecb777d379bfa9d9fe40e78069b3e4"
  name = "github.com/PuerkitoBio/purell"
  packages = ["."]
  pruneopts = "UT"
  revision = "44968752391892e1b0d0b821ee79e9a85fa13049"
  version = "v1.1.1"

[[projects]]
  branch = "master"
  digest = "1:c739832d67eb1e9cc478a19cc1a1ccd78df0397bf8a32978b759152e205f644b"
  name = "github.com/PuerkitoBio/urlesc"
  packages = ["."]
  pruneopts = "UT"
  revision = "de5bf2ad457846296e2031421a34e2568e304e35"

[[projects]]
  digest = "1:91e904d606ad35df7b5b8549d4118594bafbf492ef98b23f6ce6ed71fc64775c"
  name = "github.com/blang/semver"
  packages = ["."]
  pruneopts = "UT"
  revision = "af3461a9cbcf1f3f5889d21b83f5ef63880c33a8"
  version = "v4.0.0"

[[projects]]
  digest = "1:0f98f59e9a2f4070d66f0c9c39561f68fcd1dc837b22a852d28d0003aebd1b1e"
  name = "github.com/boltdb/bolt"
  packages = ["."]
  pruneopts = "UT"
  revision = "2f1ce7a837dcb8da3ec595b1dac9d0632f0f99e8"
  version = "v1.3.1"

[[projects]]
  branch = "master"
  digest = "1:6a503e232df389d94ebb97dfb22d4ae463b6e2f351660613e11d9e42f57ab6df"
  name = "github.com/coreos/go-oidc"
  packages = [
    "http",
    "jose",
    "key",
    "oauth2",
    "oidc",
  ]
  pruneopts = "UT"
  revision = "a93f71fdfe73d2c0f5413c0565eea0af6523a6df"

[[projects]]
  digest = "1:6fda0d7f5e52b081e075775b1ecebf1ea0c923e7be33604ed0225ae078e701b5"
  name = "github.com/coreos/pkg"
  packages = [
    "health",
    "httputil",
    "timeutil",
  ]
  pruneopts = "UT"
  revision = "97fdf19511ea361ae1c100dd393cc47f8dcfa1e1"
  version = "v4"

[[projects]]
  digest = "1:ffe9824d294da03b391f44e1ae8281281b4afc1bdaa9588c9097785e3af10cec"
  name = "github.com/davecgh/go-spew"
  packages = ["spew"]
  pruneopts = "UT"
  revision = "8991bc29aa16c548c550c7ff78260e27b9ab7c73"
  version = "v1.1.1"

[[projects]]
  digest = "1:4ddc17aeaa82cb18c5f0a25d7c253a10682f518f4b2558a82869506eec223d76"
  name = "github.com/docker/distribution"
  packages = [
    "digestset",
    "reference",
  ]
  pruneopts = "UT"
  revision = "2461543d988979529609e8cb6fca9ca190dc48da"
  version = "v2.7.1"

[[projects]]
  digest = "1:2d580c68060ec463bca95f5f27230611e5c731a6e8195c31481f69a2b4eda05d"
  name = "github.com/emicklei/go-restful"
  packages = [
    ".",
    "log",
    "swagger",
  ]
  pruneopts = "UT"
  revision = "777bb3f19bcafe2575ffb2a3e46af92509ae9594"
  version = "v1.2"

[[projects]]
  digest = "1:2cd7915ab26ede7d95b8749e6b1f933f1c6d5398030684e6505940a10f31cfda"
  name = "github.com/ghodss/yaml"
  packages = ["."]
  pruneopts = "UT"
  revision = "0ca9ea5df5451ffdf184b4428c902747c2c11cd7"
  version = "v1.0.0"

[[projects]]
  digest = "1:404d62abcf0dbbf2caa7063380c84ed442e05da8c699a68ce4aa119249cec345"
  name = "github.com/go-acme/lego"
  packages = ["acme"]
  pruneopts = "UT"
  revision = "27e0f97c9df37cad8c4ba0ef1d133fa57afb7469"
  version = "v1.0.1"

[[projects]]
  digest = "1:513320bb979a467f87fb53c2faf5bc253d880ae82693a4e8716337df22eafed8"
  name = "github.com/go-openapi/jsonpointer"
  packages = ["."]
  pruneopts = "UT"
  revision = "2446e21cad36eee826e1c2380f0ff747074a2faa"
  version = "v0.19.5"

[[projects]]
  digest = "1:24e7dd245844c7ee5c1b267404caa931684ca193387b29b626e3176be718b7b0"
  name = "github.com/go-openapi/jsonreference"
  packages = ["."]
  pruneopts = "UT"
  revision = "238d8d0fcc17b6ca1116240437a43b53d3bdf83d"
  version = "v0.19.6"

[[projects]]
  digest = "1:4ff290c97f2fb7525bd37a93247c7892df418488b09c6ee2baaf147619a56f59"
  name = "github.com/go-openapi/spec"
  packages = ["."]
  pruneopts = "UT"
  revision = "9b481069b8ec5cfddf6bdd8e3baec662b9ee0eb7"
  version = "v0.20.3"

[[projects]]
  digest = "1:20de8257095daae4e1a2c2ed4e2d2fbeda4f5361ff1bc6f5d6525cd4951db085"
  name = "github.com/go-openapi/swag"
  packages = ["."]
  pruneopts = "UT"
  revision = "a879606f53d080fe7e9281dc00b99a744fe37425"
  version = "v0.19.15"

[[projects]]
  digest = "1:34e709f36fd4f868fb00dbaf8a6cab4c1ae685832d392874ba9d7c5dec2429d1"
  name = "github.com/gogo/protobuf"
  packages = [
    "proto",
    "sortkeys",
  ]
  pruneopts = "UT"
  revision = "636bf0302bc95575d69441b25a2603156ffdddf1"
  version = "v1.1.1"

[[projects]]
  branch = "master"
  digest = "1:391f253f13d0c84e258efcd4968d347b677b2ece97c8757f02803de27fb29285"
  name = "github.com/golang/glog"
  packages = ["."]
  pruneopts = "UT"
  revision = "424d2337a5299a465c8a8228fc3ba4b1c28337a2"

[[projects]]
  digest = "1:9e62e8886ca549ad17aa4db1783e469f10e424652595304fdc2c8ecda5d25476"
  name = "github.com/golang/protobuf"
  packages = ["proto"]
  pruneopts = "UT"
  revision = "ae97035608a719c7a1c1c41bed0ae0744bdb0c6f"
  version = "v1.5.2"

[[projects]]
  digest = "1:39ffe24ca770878a90ea4e2dd516dbc8c2b555b16e72e884c39c92519c195e55"
  name = "github.com/google/gofuzz"
  packages = [
    ".",
    "bytesource",
  ]
  pruneopts = "UT"
  revision = "379e164120fbc98885a8f494b5aa41ba94f64c56"
  version = "v1.2.0"

[[projects]]
  digest = "1:dfa0a7a6b64b2ac99259c4e79cc403470a4fa359c41029e0b8be4f419b0a0e5b"
  name = "github.com/google/uuid"
  packages = ["."]
  pruneopts = "UT"
  revision = "bfb86fa49a73e4194d93bea18d7acfe3694438ce"
  version = "v1.2.0"

[[projects]]
  branch = "master"
  digest = "1:cf83673642ffa03117e29f15af249195b0280e0ad5e5177d3a08fafed8f3634f"
  name = "github.com/howeyc/gopass"
  packages = ["."]
  pruneopts = "UT"
  revision = "7cb4b85ec19c7c220ab71433a230f7eb200d639d"

[[projects]]
  digest = "1:1b65aceb5bbbd69e4328dd6278507a822c6c3c5b910f6b02662601446ffbc679"
  name = "github.com/imdario/mergo"
  packages = ["."]
  pruneopts = "UT"
  revision = "29fb3d3bdc5512887f1dc9aedde6a0fed407fa8f"
  version = "0.3.12"

[[projects]]
  digest = "1:7077af61f0babb2398027a22b4608793781f94f176b7e5cf9100076c97af15fc"
  name = "github.com/jonboulle/clockwork"
  packages = ["."]
  pruneopts = "UT"
  revision = "75ce4728e887d0503c30133699687076bb6beb43"
  version = "v0.2.2"

[[projects]]
  digest = "1:e0b019ee3a64ce51eeb7e0097a372305ac8caf338e50adf8e4bf3b7ce928e132"
  name = "github.com/josharian/intern"
  packages = ["."]
  pruneopts = "UT"
  revision = "8e6ff32b3e7c0b018c43953085fe2ac330fe9acd"
  version = "v1.0.0"

[[projects]]
  digest = "1:190ff84d9b2ed6589088f178cba8edb4b8ecb334df4572421fb016be1ac20463"
  name = "github.com/juju/ratelimit"
  packages = ["."]
  pruneopts = "UT"
  revision = "59fac5042749a5afb9af70e813da1dd5474f0167"
  version = "1.0.1"

[[projects]]
  digest = "1:31f0ceca116f167499ab5b7ad57f3c2dc3d82f6dc4554dda19a8d18d696670ec"
  name = "github.com/mailru/easyjson"
  packages = [
    "buffer",
    "jlexer",
    "jwriter",
  ]
  pruneopts = "UT"
  revision = "c120ca7ced6051261161ce15e8f1542a4b2567fc"
  version = "v0.7.7"

[[projects]]
  digest = "1:1d725cbf5e0c3c1acd3d36989ea7f378eb76fdcd1c2f107872e9bd3b8fb80f75"
  name = "github.com/miekg/dns"
  packages = ["."]
  pruneopts = "UT"
  revision = "e4205768578dc90c2669e75a2f8a8bf77e3083a4"

[[projects]]
  digest = "1:52891c539dfacbcaf8f204ad46c201c702d7210eab162085ee3676914bf3b269"
  name = "github.com/opencontainers/go-digest"
  packages = ["."]
  pruneopts = "UT"
  revision = "ea51bea511f75cfa3ef6098cc253c5c3609b037a"
  version = "v1.0.0"

[[projects]]
  digest = "1:1d058aa6a019fff0f0d9478bac268d820a693662caca2a5fc3f716d6637a7bfa"
  name = "github.com/pborman/uuid"
  packages = ["."]
  pruneopts = "UT"
  revision = "5b6091a6a160ee5ce12917b21ab96acec2a4fdc0"
  version = "v1.2.1"

[[projects]]
  digest = "1:9e1d37b58d17113ec3cb5608ac0382313c5b59470b94ed97d0976e69c7022314"
  name = "github.com/pkg/errors"
  packages = ["."]
  pruneopts = "UT"
  revision = "614d223910a179a466c1767a985424175c39b465"
  version = "v0.9.1"

[[projects]]
  digest = "1:524b71991fc7d9246cc7dc2d9e0886ccb97648091c63e30eef619e6862c955dd"
  name = "github.com/spf13/pflag"
  packages = ["."]
  pruneopts = "UT"
  revision = "2e9d26c8c37aae03e3f9d4e90b7116f5accb7cab"
  version = "v1.0.5"

[[projects]]
  digest = "1:2a99f4f58ffcc66fdbc735f47eaa636e0099d1a617c64fd2fe0c88141202777f"
  name = "github.com/ugorji/go"
  packages = ["codec"]
  pruneopts = "UT"
  revision = "f1f1a805ed361a0e078bb537e4ea78cd37dcf065"

[[projects]]
  digest = "1:9041e20d46bcf29bcd3124adb818c9b607fac6280d1c108d3010517e988fc24a"
  name = "github.com/xenolf/lego"
  packages = ["log"]
  pruneopts = "UT"
  revision = "7c24212e8a1df8547ca6edb6cf630cff60e62f46"
  version = "v4.4.0"

[[projects]]
  digest = "1:b2b1ce103569c4c5f4b9d6bbbd4da08743263060ac4dac59c715c4420661f0c1"
  name = "github.com/ykyuen/lego"
  packages = [
    "acme",
    "providers/dns/cloudflare",
  ]
  pruneopts = "UT"
  revision = "cloudflare-acmev2-fix"

[[projects]]
  branch = "master"
  digest = "1:9a84adef37df318ef59f20b4743520095c85be01d6e42f196ff12f370777298f"
  name = "golang.org/x/crypto"
  packages = [
    "ed25519",
    "ed25519/internal/edwards25519",
    "ocsp",
    "pbkdf2",
    "ssh/terminal",
  ]
  pruneopts = "UT"
  revision = "5ff15b29337e062d850872081bcd9f4d784f4c25"

[[projects]]
  branch = "master"
  digest = "1:f1c484197f62062303d2a05a5a47c827d9e9f451eab8322feef60053a48c7bfe"
  name = "golang.org/x/net"
  packages = [
    "context",
    "context/ctxhttp",
    "http/httpguts",
    "http2",
    "http2/hpack",
    "idna",
  ]
  pruneopts = "UT"
  revision = "04defd469f4e290175cd2fb95a0e5f235f9bf173"

[[projects]]
  branch = "master"
  digest = "1:3d8a5bc81253f9f2386e37cf9fc62fac73388344a3655cfd443d9471348c6bd9"
  name = "golang.org/x/oauth2"
  packages = [
    ".",
    "authhandler",
    "google",
    "google/internal/externalaccount",
    "internal",
    "jws",
    "jwt",
  ]
  pruneopts = "UT"
  revision = "d04028783cf159bebfcd4fa66741a2193e2138a9"

[[projects]]
  branch = "master"
  digest = "1:17226a5ace1d5face103c3dd876fbc82547e14a00da7b6a0f1d3633e6b831bc0"
  name = "golang.org/x/sys"
  packages = [
    "internal/unsafeheader",
    "plan9",
    "unix",
    "windows",
  ]
  pruneopts = "UT"
  revision = "59db8d763f22395595c26ee1cae0886b57141b3a"

[[projects]]
  branch = "master"
  digest = "1:a9df7181f85976d4fce1b6be0aac39d237a29ab1bd6fb9ff0401c49614bf40bd"
  name = "golang.org/x/term"
  packages = ["."]
  pruneopts = "UT"
  revision = "6886f2dfbf5b25f595b4fe4279c49956e867c59b"

[[projects]]
  digest = "1:2b7f500d4eace02747d064aa5b9dcfd1e1ec29157c778ef11d09cdda698fd920"
  name = "golang.org/x/text"
  packages = [
    "collate",
    "collate/build",
    "internal/colltab",
    "internal/gen",
    "internal/language",
    "internal/language/compact",
    "internal/tag",
    "internal/triegen",
    "internal/ucd",
    "language",
    "secure/bidirule",
    "transform",
    "unicode/bidi",
    "unicode/cldr",
    "unicode/norm",
    "unicode/rangetable",
    "width",
  ]
  pruneopts = "UT"
  revision = "e328d63cff14134669501e0e154e4f141c784322"
  version = "v0.3.6"

[[projects]]
  digest = "1:14c413c64fab6d835c4e31671369f68ac7f38d2087c968eb2e55d8105b6b420d"
  name = "google.golang.org/appengine"
  packages = [
    ".",
    "internal",
    "internal/app_identity",
    "internal/base",
    "internal/datastore",
    "internal/log",
    "internal/modules",
    "internal/remote_api",
    "internal/urlfetch",
    "urlfetch",
  ]
  pruneopts = "UT"
  revision = "5d1c1d03f8703c2e81478d9a30e9afa2d3e4bd8a"
  version = "v1.6.7"

[[projects]]
  digest = "1:bc8a58ba53d55c6c60aba097ba2981a37cf074c8c19e852763529dbc0ae0eb05"
  name = "google.golang.org/protobuf"
  packages = [
    "encoding/prototext",
    "encoding/protowire",
    "internal/descfmt",
    "internal/descopts",
    "internal/detrand",
    "internal/encoding/defval",
    "internal/encoding/messageset",
    "internal/encoding/tag",
    "internal/encoding/text",
    "internal/errors",
    "internal/filedesc",
    "internal/filetype",
    "internal/flags",
    "internal/genid",
    "internal/impl",
    "internal/order",
    "internal/pragma",
    "internal/set",
    "internal/strs",
    "internal/version",
    "proto",
    "reflect/protodesc",
    "reflect/protoreflect",
    "reflect/protoregistry",
    "runtime/protoiface",
    "runtime/protoimpl",
    "types/descriptorpb",
  ]
  pruneopts = "UT"
  revision = "f2d1f6cbe10b90d22296ea09a7217081c2798009"
  version = "v1.26.0"

[[projects]]
  digest = "1:2d1fbdc6777e5408cabeb02bf336305e724b925ff4546ded0fa8715a7267922a"
  name = "gopkg.in/inf.v0"
  packages = ["."]
  pruneopts = "UT"
  revision = "d2d2541c53f18d2a059457998ce2876cc8e67cbf"
  version = "v0.9.1"

[[projects]]
  digest = "1:28485c3242fe3458af48523c426fe1661b76b23e202b3321db9a9becd672826e"
  name = "gopkg.in/square/go-jose.v1"
  packages = [
    ".",
    "cipher",
    "json",
  ]
  pruneopts = "UT"
  revision = "aa2e30fdd1fe9dd3394119af66451ae790d50e0d"

[[projects]]
  digest = "1:059cd8cf6325197d99cf8b4047879fdf41782667a3c97062b8eb952afaa6ee53"
  name = "gopkg.in/square/go-jose.v2"
  packages = [
    ".",
    "cipher",
    "json",
  ]
  pruneopts = "UT"
  revision = "a10ff54e00bc6e833bf549e04ae976f0fe8ea2fd"
  version = "v2.6.0"

[[projects]]
  digest = "1:55b110c99c5fdc4f14930747326acce56b52cfce60b24b1c03ef686ac0e46bb1"
  name = "gopkg.in/yaml.v2"
  packages = ["."]
  pruneopts = "UT"
  revision = "53403b58ad1b561927d19068c655246f2db79d48"
  version = "v2.2.8"

[[projects]]
  digest = "1:8453421d7e76eea692593ccab8d411748423aa955dc1c4fccbbcffeac96f025d"
  name = "k8s.io/client-go"
  packages = [
    "discovery",
    "kubernetes",
    "kubernetes/typed/apps/v1beta1",
    "kubernetes/typed/authentication/v1beta1",
    "kubernetes/typed/authorization/v1beta1",
    "kubernetes/typed/autoscaling/v1",
    "kubernetes/typed/batch/v1",
    "kubernetes/typed/batch/v2alpha1",
    "kubernetes/typed/certificates/v1alpha1",
    "kubernetes/typed/core/v1",
    "kubernetes/typed/extensions/v1beta1",
    "kubernetes/typed/policy/v1beta1",
    "kubernetes/typed/rbac/v1alpha1",
    "kubernetes/typed/storage/v1beta1",
    "pkg/api",
    "pkg/api/errors",
    "pkg/api/install",
    "pkg/api/meta",
    "pkg/api/meta/metatypes",
    "pkg/api/resource",
    "pkg/api/unversioned",
    "pkg/api/v1",
    "pkg/api/validation/path",
    "pkg/apimachinery",
    "pkg/apimachinery/announced",
    "pkg/apimachinery/registered",
    "pkg/apis/apps",
    "pkg/apis/apps/install",
    "pkg/apis/apps/v1beta1",
    "pkg/apis/authentication",
    "pkg/apis/authentication/install",
    "pkg/apis/authentication/v1beta1",
    "pkg/apis/authorization",
    "pkg/apis/authorization/install",
    "pkg/apis/authorization/v1beta1",
    "pkg/apis/autoscaling",
    "pkg/apis/autoscaling/install",
    "pkg/apis/autoscaling/v1",
    "pkg/apis/batch",
    "pkg/apis/batch/install",
    "pkg/apis/batch/v1",
    "pkg/apis/batch/v2alpha1",
    "pkg/apis/certificates",
    "pkg/apis/certificates/install",
    "pkg/apis/certificates/v1alpha1",
    "pkg/apis/extensions",
    "pkg/apis/extensions/install",
    "pkg/apis/extensions/v1beta1",
    "pkg/apis/policy",
    "pkg/apis/policy/install",
    "pkg/apis/policy/v1beta1",
    "pkg/apis/rbac",
    "pkg/apis/rbac/install",
    "pkg/apis/rbac/v1alpha1",
    "pkg/apis/storage",
    "pkg/apis/storage/install",
    "pkg/apis/storage/v1beta1",
    "pkg/auth/user",
    "pkg/conversion",
    "pkg/conversion/queryparams",
    "pkg/fields",
    "pkg/genericapiserver/openapi/common",
    "pkg/labels",
    "pkg/runtime",
    "pkg/runtime/serializer",
    "pkg/runtime/serializer/json",
    "pkg/runtime/serializer/protobuf",
    "pkg/runtime/serializer/recognizer",
    "pkg/runtime/serializer/streaming",
    "pkg/runtime/serializer/versioning",
    "pkg/selection",
    "pkg/third_party/forked/golang/reflect",
    "pkg/third_party/forked/golang/template",
    "pkg/types",
    "pkg/util",
    "pkg/util/cert",
    "pkg/util/clock",
    "pkg/util/diff",
    "pkg/util/errors",
    "pkg/util/flowcontrol",
    "pkg/util/framer",
    "pkg/util/homedir",
    "pkg/util/integer",
    "pkg/util/intstr",
    "pkg/util/json",
    "pkg/util/jsonpath",
    "pkg/util/labels",
    "pkg/util/net",
    "pkg/util/parsers",
    "pkg/util/rand",
    "pkg/util/runtime",
    "pkg/util/sets",
    "pkg/util/uuid",
    "pkg/util/validation",
    "pkg/util/validation/field",
    "pkg/util/wait",
    "pkg/util/yaml",
    "pkg/version",
    "pkg/watch",
    "pkg/watch/versioned",
    "plugin/pkg/client/auth",
    "plugin/pkg/client/auth/gcp",
    "plugin/pkg/client/auth/oidc",
    "rest",
    "tools/auth",
    "tools/cache",
    "tools/clientcmd",
    "tools/clientcmd/api",
    "tools/clientcmd/api/latest",
    "tools/clientcmd/api/v1",
    "tools/metrics",
    "transport",
  ]
  pruneopts = "UT"
  revision = "e121606b0d09b2e1c467183ee46217fa85a6b672"
  version = "v2.0.0"

[solve-meta]
  analyzer-name = "dep"
  analyzer-version = 1
  input-imports = [
    "github.com/boltdb/bolt",
    "github.com/go-acme/lego/acme",
    "github.com/pkg/errors",
    "github.com/ykyuen/lego/providers/dns/cloudflare",
    "k8s.io/client-go/kubernetes",
    "k8s.io/client-go/pkg/api",
    "k8s.io/client-go/pkg/api/errors",
    "k8s.io/client-go/pkg/api/meta",
    "k8s.io/client-go/pkg/api/unversioned",
    "k8s.io/client-go/pkg/api/v1",
    "k8s.io/client-go/pkg/apis/extensions/v1beta1",
    "k8s.io/client-go/pkg/labels",
    "k8s.io/client-go/pkg/runtime",
    "k8s.io/client-go/pkg/runtime/serializer",
    "k8s.io/client-go/pkg/selection",
    "k8s.io/client-go/pkg/util/flowcontrol",
    "k8s.io/client-go/pkg/watch",
    "k8s.io/client-go/pkg/watch/versioned",
    "k8s.io/client-go/rest",
    "k8s.io/client-go/tools/cache",
    "k8s.io/client-go/tools/clientcmd",
  ]
  solver-name = "gps-cdcl"
  solver-version = 1
